{
  "checksum": "99693beecf40f76e30ad9dbe0cd9b04eabe544bc7bdcd4f98bb52c3aabf41b8f",
  "crates": {
    "anstyle 1.0.7": {
      "name": "anstyle",
      "version": "1.0.7",
      "package_url": "https://github.com/rust-cli/anstyle.git",
      "repository": {
        "Http": {
          "url": "https://static.crates.io/crates/anstyle/1.0.7/download",
          "sha256": "038dfcf04a5feb68e9c60b21c9625a54c2c0616e79b72b0fd87075a056ae1d1b"
        }
      },
      "targets": [
        {
          "Library": {
            "crate_name": "anstyle",
            "crate_root": "src/lib.rs",
            "srcs": {
              "allow_empty": false,
              "include": [
                "**/*.rs"
              ]
            }
          }
        }
      ],
      "library_target_name": "anstyle",
      "common_attrs": {
        "compile_data_glob": [
          "**"
        ],
        "crate_features": {
          "common": [
            "default",
            "std"
          ],
          "selects": {}
        },
        "edition": "2021",
        "version": "1.0.7"
      },
      "license": "MIT OR Apache-2.0",
      "license_ids": [
        "Apache-2.0",
        "MIT"
      ],
      "license_file": "LICENSE-APACHE"
    },
    "clap 4.5.4": {
      "name": "clap",
      "version": "4.5.4",
      "package_url": "https://github.com/clap-rs/clap",
      "repository": {
        "Http": {
          "url": "https://static.crates.io/crates/clap/4.5.4/download",
          "sha256": "90bc066a67923782aa8515dbaea16946c5bcc5addbd668bb80af688e53e548a0"
        }
      },
      "targets": [
        {
          "Library": {
            "crate_name": "clap",
            "crate_root": "src/lib.rs",
            "srcs": {
              "allow_empty": false,
              "include": [
                "**/*.rs"
              ]
            }
          }
        }
      ],
      "library_target_name": "clap",
      "common_attrs": {
        "compile_data_glob": [
          "**"
        ],
        "crate_features": {
          "common": [
            "derive",
            "std"
          ],
          "selects": {}
        },
        "deps": {
          "common": [
            {
              "id": "clap_builder 4.5.2",
              "target": "clap_builder"
            }
          ],
          "selects": {}
        },
        "edition": "2021",
        "proc_macro_deps": {
          "common": [
            {
              "id": "clap_derive 4.5.4",
              "target": "clap_derive"
            }
          ],
          "selects": {}
        },
        "version": "4.5.4"
      },
      "license": "MIT OR Apache-2.0",
      "license_ids": [
        "Apache-2.0",
        "MIT"
      ],
      "license_file": "LICENSE-APACHE"
    },
    "clap_builder 4.5.2": {
      "name": "clap_builder",
      "version": "4.5.2",
      "package_url": "https://github.com/clap-rs/clap",
      "repository": {
        "Http": {
          "url": "https://static.crates.io/crates/clap_builder/4.5.2/download",
          "sha256": "ae129e2e766ae0ec03484e609954119f123cc1fe650337e155d03b022f24f7b4"
        }
      },
      "targets": [
        {
          "Library": {
            "crate_name": "clap_builder",
            "crate_root": "src/lib.rs",
            "srcs": {
              "allow_empty": false,
              "include": [
                "**/*.rs"
              ]
            }
          }
        }
      ],
      "library_target_name": "clap_builder",
      "common_attrs": {
        "compile_data_glob": [
          "**"
        ],
        "crate_features": {
          "common": [
            "std"
          ],
          "selects": {}
        },
        "deps": {
          "common": [
            {
              "id": "anstyle 1.0.7",
              "target": "anstyle"
            },
            {
              "id": "clap_lex 0.7.0",
              "target": "clap_lex"
            }
          ],
          "selects": {}
        },
        "edition": "2021",
        "version": "4.5.2"
      },
      "license": "MIT OR Apache-2.0",
      "license_ids": [
        "Apache-2.0",
        "MIT"
      ],
      "license_file": "LICENSE-APACHE"
    },
    "clap_derive 4.5.4": {
      "name": "clap_derive",
      "version": "4.5.4",
      "package_url": "https://github.com/clap-rs/clap/tree/master/clap_derive",
      "repository": {
        "Http": {
          "url": "https://static.crates.io/crates/clap_derive/4.5.4/download",
          "sha256": "528131438037fd55894f62d6e9f068b8f45ac57ffa77517819645d10aed04f64"
        }
      },
      "targets": [
        {
          "ProcMacro": {
            "crate_name": "clap_derive",
            "crate_root": "src/lib.rs",
            "srcs": {
              "allow_empty": false,
              "include": [
                "**/*.rs"
              ]
            }
          }
        }
      ],
      "library_target_name": "clap_derive",
      "common_attrs": {
        "compile_data_glob": [
          "**"
        ],
        "crate_features": {
          "common": [
            "default"
          ],
          "selects": {}
        },
        "deps": {
          "common": [
            {
              "id": "heck 0.5.0",
              "target": "heck"
            },
            {
              "id": "proc-macro2 1.0.82",
              "target": "proc_macro2"
            },
            {
              "id": "quote 1.0.36",
              "target": "quote"
            },
            {
              "id": "syn 2.0.64",
              "target": "syn"
            }
          ],
          "selects": {}
        },
        "edition": "2021",
        "version": "4.5.4"
      },
      "license": "MIT OR Apache-2.0",
      "license_ids": [
        "Apache-2.0",
        "MIT"
      ],
      "license_file": "LICENSE-APACHE"
    },
    "clap_lex 0.7.0": {
      "name": "clap_lex",
      "version": "0.7.0",
      "package_url": "https://github.com/clap-rs/clap/tree/master/clap_lex",
      "repository": {
        "Http": {
          "url": "https://static.crates.io/crates/clap_lex/0.7.0/download",
          "sha256": "98cc8fbded0c607b7ba9dd60cd98df59af97e84d24e49c8557331cfc26d301ce"
        }
      },
      "targets": [
        {
          "Library": {
            "crate_name": "clap_lex",
            "crate_root": "src/lib.rs",
            "srcs": {
              "allow_empty": false,
              "include": [
                "**/*.rs"
              ]
            }
          }
        }
      ],
      "library_target_name": "clap_lex",
      "common_attrs": {
        "compile_data_glob": [
          "**"
        ],
        "edition": "2021",
        "version": "0.7.0"
      },
      "license": "MIT OR Apache-2.0",
      "license_ids": [
        "Apache-2.0",
        "MIT"
      ],
      "license_file": "LICENSE-APACHE"
    },
    "direct-cargo-bazel-deps 0.0.1": {
      "name": "direct-cargo-bazel-deps",
      "version": "0.0.1",
      "package_url": null,
      "repository": null,
      "targets": [
        {
          "Library": {
            "crate_name": "direct_cargo_bazel_deps",
            "crate_root": ".direct_cargo_bazel_deps.rs",
            "srcs": {
              "allow_empty": false,
              "include": [
                "**/*.rs"
              ]
            }
          }
        }
      ],
      "library_target_name": "direct_cargo_bazel_deps",
      "common_attrs": {
        "compile_data_glob": [
          "**"
        ],
        "deps": {
          "common": [
            {
              "id": "clap 4.5.4",
              "target": "clap"
            },
            {
              "id": "toml 0.7.8",
              "target": "toml"
            }
          ],
          "selects": {}
        },
        "edition": "2018",
        "version": "0.0.1"
      },
      "license": null,
      "license_ids": [],
      "license_file": null
    },
    "equivalent 1.0.1": {
      "name": "equivalent",
      "version": "1.0.1",
      "package_url": "https://github.com/cuviper/equivalent",
      "repository": {
        "Http": {
          "url": "https://static.crates.io/crates/equivalent/1.0.1/download",
          "sha256": "5443807d6dff69373d433ab9ef5378ad8df50ca6298caf15de6e52e24aaf54d5"
        }
      },
      "targets": [
        {
          "Library": {
            "crate_name": "equivalent",
            "crate_root": "src/lib.rs",
            "srcs": {
              "allow_empty": false,
              "include": [
                "**/*.rs"
              ]
            }
          }
        }
      ],
      "library_target_name": "equivalent",
      "common_attrs": {
        "compile_data_glob": [
          "**"
        ],
        "edition": "2015",
        "version": "1.0.1"
      },
      "license": "Apache-2.0 OR MIT",
      "license_ids": [
        "Apache-2.0",
        "MIT"
      ],
      "license_file": "LICENSE-APACHE"
    },
    "hashbrown 0.14.5": {
      "name": "hashbrown",
      "version": "0.14.5",
      "package_url": "https://github.com/rust-lang/hashbrown",
      "repository": {
        "Http": {
          "url": "https://static.crates.io/crates/hashbrown/0.14.5/download",
          "sha256": "e5274423e17b7c9fc20b6e7e208532f9b19825d82dfd615708b70edd83df41f1"
        }
      },
      "targets": [
        {
          "Library": {
            "crate_name": "hashbrown",
            "crate_root": "src/lib.rs",
            "srcs": {
              "allow_empty": false,
              "include": [
                "**/*.rs"
              ]
            }
          }
        }
      ],
      "library_target_name": "hashbrown",
      "common_attrs": {
        "compile_data_glob": [
          "**"
        ],
        "crate_features": {
          "common": [
            "raw"
          ],
          "selects": {}
        },
        "edition": "2021",
        "version": "0.14.5"
      },
      "license": "MIT OR Apache-2.0",
      "license_ids": [
        "Apache-2.0",
        "MIT"
      ],
      "license_file": "LICENSE-APACHE"
    },
    "heck 0.5.0": {
      "name": "heck",
      "version": "0.5.0",
      "package_url": "https://github.com/withoutboats/heck",
      "repository": {
        "Http": {
          "url": "https://static.crates.io/crates/heck/0.5.0/download",
          "sha256": "2304e00983f87ffb38b55b444b5e3b60a884b5d30c0fca7d82fe33449bbe55ea"
        }
      },
      "targets": [
        {
          "Library": {
            "crate_name": "heck",
            "crate_root": "src/lib.rs",
            "srcs": {
              "allow_empty": false,
              "include": [
                "**/*.rs"
              ]
            }
          }
        }
      ],
      "library_target_name": "heck",
      "common_attrs": {
        "compile_data_glob": [
          "**"
        ],
        "edition": "2021",
        "version": "0.5.0"
      },
      "license": "MIT OR Apache-2.0",
      "license_ids": [
        "Apache-2.0",
        "MIT"
      ],
      "license_file": "LICENSE-APACHE"
    },
    "indexmap 2.2.6": {
      "name": "indexmap",
      "version": "2.2.6",
      "package_url": "https://github.com/indexmap-rs/indexmap",
      "repository": {
        "Http": {
          "url": "https://static.crates.io/crates/indexmap/2.2.6/download",
          "sha256": "168fb715dda47215e360912c096649d23d58bf392ac62f73919e831745e40f26"
        }
      },
      "targets": [
        {
          "Library": {
            "crate_name": "indexmap",
            "crate_root": "src/lib.rs",
            "srcs": {
              "allow_empty": false,
              "include": [
                "**/*.rs"
              ]
            }
          }
        }
      ],
      "library_target_name": "indexmap",
      "common_attrs": {
        "compile_data_glob": [
          "**"
        ],
        "crate_features": {
          "common": [
            "default",
            "std"
          ],
          "selects": {}
        },
        "deps": {
          "common": [
            {
              "id": "equivalent 1.0.1",
              "target": "equivalent"
            },
            {
              "id": "hashbrown 0.14.5",
              "target": "hashbrown"
            }
          ],
          "selects": {}
        },
        "edition": "2021",
        "version": "2.2.6"
      },
      "license": "Apache-2.0 OR MIT",
      "license_ids": [
        "Apache-2.0",
        "MIT"
      ],
      "license_file": "LICENSE-APACHE"
    },
    "memchr 2.7.2": {
      "name": "memchr",
      "version": "2.7.2",
      "package_url": "https://github.com/BurntSushi/memchr",
      "repository": {
        "Http": {
          "url": "https://static.crates.io/crates/memchr/2.7.2/download",
          "sha256": "6c8640c5d730cb13ebd907d8d04b52f55ac9a2eec55b440c8892f40d56c76c1d"
        }
      },
      "targets": [
        {
          "Library": {
            "crate_name": "memchr",
            "crate_root": "src/lib.rs",
            "srcs": {
              "allow_empty": false,
              "include": [
                "**/*.rs"
              ]
            }
          }
        }
      ],
      "library_target_name": "memchr",
      "common_attrs": {
        "compile_data_glob": [
          "**"
        ],
        "edition": "2021",
        "version": "2.7.2"
      },
      "license": "Unlicense OR MIT",
      "license_ids": [
        "MIT",
        "Unlicense"
      ],
      "license_file": "LICENSE-MIT"
    },
    "proc-macro2 1.0.82": {
      "name": "proc-macro2",
      "version": "1.0.82",
      "package_url": "https://github.com/dtolnay/proc-macro2",
      "repository": {
        "Http": {
          "url": "https://static.crates.io/crates/proc-macro2/1.0.82/download",
          "sha256": "8ad3d49ab951a01fbaafe34f2ec74122942fe18a3f9814c3268f1bb72042131b"
        }
      },
      "targets": [
        {
          "Library": {
            "crate_name": "proc_macro2",
            "crate_root": "src/lib.rs",
            "srcs": {
              "allow_empty": false,
              "include": [
                "**/*.rs"
              ]
            }
          }
        },
        {
          "BuildScript": {
            "crate_name": "build_script_build",
            "crate_root": "build.rs",
            "srcs": {
              "allow_empty": false,
              "include": [
                "**/*.rs"
              ]
            }
          }
        }
      ],
      "library_target_name": "proc_macro2",
      "common_attrs": {
        "compile_data_glob": [
          "**"
        ],
        "crate_features": {
          "common": [
            "default",
            "proc-macro"
          ],
          "selects": {}
        },
        "deps": {
          "common": [
            {
              "id": "proc-macro2 1.0.82",
              "target": "build_script_build"
            },
            {
              "id": "unicode-ident 1.0.12",
              "target": "unicode_ident"
            }
          ],
          "selects": {}
        },
        "edition": "2021",
        "version": "1.0.82"
      },
      "build_script_attrs": {
        "data_glob": [
          "**"
        ]
      },
      "license": "MIT OR Apache-2.0",
      "license_ids": [
        "Apache-2.0",
        "MIT"
      ],
      "license_file": "LICENSE-APACHE"
    },
    "quote 1.0.36": {
      "name": "quote",
      "version": "1.0.36",
      "package_url": "https://github.com/dtolnay/quote",
      "repository": {
        "Http": {
          "url": "https://static.crates.io/crates/quote/1.0.36/download",
          "sha256": "0fa76aaf39101c457836aec0ce2316dbdc3ab723cdda1c6bd4e6ad4208acaca7"
        }
      },
      "targets": [
        {
          "Library": {
            "crate_name": "quote",
            "crate_root": "src/lib.rs",
            "srcs": {
              "allow_empty": false,
              "include": [
                "**/*.rs"
              ]
            }
          }
        }
      ],
      "library_target_name": "quote",
      "common_attrs": {
        "compile_data_glob": [
          "**"
        ],
        "crate_features": {
          "common": [
            "default",
            "proc-macro"
          ],
          "selects": {}
        },
        "deps": {
          "common": [
            {
              "id": "proc-macro2 1.0.82",
              "target": "proc_macro2"
            }
          ],
          "selects": {}
        },
        "edition": "2018",
        "version": "1.0.36"
      },
      "license": "MIT OR Apache-2.0",
      "license_ids": [
        "Apache-2.0",
        "MIT"
      ],
      "license_file": "LICENSE-APACHE"
    },
    "serde 1.0.202": {
      "name": "serde",
      "version": "1.0.202",
      "package_url": "https://github.com/serde-rs/serde",
      "repository": {
        "Http": {
          "url": "https://static.crates.io/crates/serde/1.0.202/download",
          "sha256": "226b61a0d411b2ba5ff6d7f73a476ac4f8bb900373459cd00fab8512828ba395"
        }
      },
      "targets": [
        {
          "Library": {
            "crate_name": "serde",
            "crate_root": "src/lib.rs",
            "srcs": {
              "allow_empty": false,
              "include": [
                "**/*.rs"
              ]
            }
          }
        },
        {
          "BuildScript": {
            "crate_name": "build_script_build",
            "crate_root": "build.rs",
            "srcs": {
              "allow_empty": false,
              "include": [
                "**/*.rs"
              ]
            }
          }
        }
      ],
      "library_target_name": "serde",
      "common_attrs": {
        "compile_data_glob": [
          "**"
        ],
        "crate_features": {
          "common": [
            "default",
            "std"
          ],
          "selects": {}
        },
        "deps": {
          "common": [
            {
              "id": "serde 1.0.202",
              "target": "build_script_build"
            }
          ],
          "selects": {}
        },
        "edition": "2018",
        "proc_macro_deps": {
          "common": [],
          "selects": {
            "cfg(any())": [
              {
                "id": "serde_derive 1.0.202",
                "target": "serde_derive"
              }
            ]
          }
        },
        "version": "1.0.202"
      },
      "build_script_attrs": {
        "data_glob": [
          "**"
        ]
      },
      "license": "MIT OR Apache-2.0",
      "license_ids": [
        "Apache-2.0",
        "MIT"
      ],
      "license_file": "LICENSE-APACHE"
    },
    "serde_derive 1.0.202": {
      "name": "serde_derive",
      "version": "1.0.202",
      "package_url": "https://github.com/serde-rs/serde",
      "repository": {
        "Http": {
          "url": "https://static.crates.io/crates/serde_derive/1.0.202/download",
          "sha256": "6048858004bcff69094cd972ed40a32500f153bd3be9f716b2eed2e8217c4838"
        }
      },
      "targets": [
        {
          "ProcMacro": {
            "crate_name": "serde_derive",
            "crate_root": "src/lib.rs",
            "srcs": {
              "allow_empty": false,
              "include": [
                "**/*.rs"
              ]
            }
          }
        }
      ],
      "library_target_name": "serde_derive",
      "common_attrs": {
        "compile_data_glob": [
          "**"
        ],
        "deps": {
          "common": [
            {
              "id": "proc-macro2 1.0.82",
              "target": "proc_macro2"
            },
            {
              "id": "quote 1.0.36",
              "target": "quote"
            },
            {
              "id": "syn 2.0.64",
              "target": "syn"
            }
          ],
          "selects": {}
        },
        "edition": "2015",
        "version": "1.0.202"
      },
      "license": "MIT OR Apache-2.0",
      "license_ids": [
        "Apache-2.0",
        "MIT"
      ],
      "license_file": "LICENSE-APACHE"
    },
    "serde_spanned 0.6.6": {
      "name": "serde_spanned",
      "version": "0.6.6",
      "package_url": "https://github.com/toml-rs/toml",
      "repository": {
        "Http": {
          "url": "https://static.crates.io/crates/serde_spanned/0.6.6/download",
          "sha256": "79e674e01f999af37c49f70a6ede167a8a60b2503e56c5599532a65baa5969a0"
        }
      },
      "targets": [
        {
          "Library": {
            "crate_name": "serde_spanned",
            "crate_root": "src/lib.rs",
            "srcs": {
              "allow_empty": false,
              "include": [
                "**/*.rs"
              ]
            }
          }
        }
      ],
      "library_target_name": "serde_spanned",
      "common_attrs": {
        "compile_data_glob": [
          "**"
        ],
        "crate_features": {
          "common": [
            "serde"
          ],
          "selects": {}
        },
        "deps": {
          "common": [
            {
              "id": "serde 1.0.202",
              "target": "serde"
            }
          ],
          "selects": {}
        },
        "edition": "2021",
        "version": "0.6.6"
      },
      "license": "MIT OR Apache-2.0",
      "license_ids": [
        "Apache-2.0",
        "MIT"
      ],
      "license_file": "LICENSE-APACHE"
    },
    "syn 2.0.64": {
      "name": "syn",
      "version": "2.0.64",
      "package_url": "https://github.com/dtolnay/syn",
      "repository": {
        "Http": {
          "url": "https://static.crates.io/crates/syn/2.0.64/download",
          "sha256": "7ad3dee41f36859875573074334c200d1add8e4a87bb37113ebd31d926b7b11f"
        }
      },
      "targets": [
        {
          "Library": {
            "crate_name": "syn",
            "crate_root": "src/lib.rs",
            "srcs": {
              "allow_empty": false,
              "include": [
                "**/*.rs"
              ]
            }
          }
        }
      ],
      "library_target_name": "syn",
      "common_attrs": {
        "compile_data_glob": [
          "**"
        ],
        "crate_features": {
          "common": [
            "clone-impls",
            "default",
            "derive",
            "full",
            "parsing",
            "printing",
            "proc-macro"
          ],
          "selects": {}
        },
        "deps": {
          "common": [
            {
              "id": "proc-macro2 1.0.82",
              "target": "proc_macro2"
            },
            {
              "id": "quote 1.0.36",
              "target": "quote"
            },
            {
              "id": "unicode-ident 1.0.12",
              "target": "unicode_ident"
            }
          ],
          "selects": {}
        },
        "edition": "2021",
        "version": "2.0.64"
      },
      "license": "MIT OR Apache-2.0",
      "license_ids": [
        "Apache-2.0",
        "MIT"
      ],
      "license_file": "LICENSE-APACHE"
    },
    "toml 0.7.8": {
      "name": "toml",
      "version": "0.7.8",
      "package_url": "https://github.com/toml-rs/toml",
      "repository": {
        "Http": {
          "url": "https://static.crates.io/crates/toml/0.7.8/download",
          "sha256": "dd79e69d3b627db300ff956027cc6c3798cef26d22526befdfcd12feeb6d2257"
        }
      },
      "targets": [
        {
          "Library": {
            "crate_name": "toml",
            "crate_root": "src/lib.rs",
            "srcs": {
              "allow_empty": false,
              "include": [
                "**/*.rs"
              ]
            }
          }
        }
      ],
      "library_target_name": "toml",
      "common_attrs": {
        "compile_data_glob": [
          "**"
        ],
        "crate_features": {
          "common": [
            "default",
            "display",
            "parse"
          ],
          "selects": {}
        },
        "deps": {
          "common": [
            {
              "id": "serde 1.0.202",
              "target": "serde"
            },
            {
              "id": "serde_spanned 0.6.6",
              "target": "serde_spanned"
            },
            {
              "id": "toml_datetime 0.6.6",
              "target": "toml_datetime"
            },
            {
              "id": "toml_edit 0.19.15",
              "target": "toml_edit"
            }
          ],
          "selects": {}
        },
        "edition": "2021",
        "version": "0.7.8"
      },
      "license": "MIT OR Apache-2.0",
      "license_ids": [
        "Apache-2.0",
        "MIT"
      ],
      "license_file": "LICENSE-APACHE"
    },
    "toml_datetime 0.6.6": {
      "name": "toml_datetime",
      "version": "0.6.6",
      "package_url": "https://github.com/toml-rs/toml",
      "repository": {
        "Http": {
          "url": "https://static.crates.io/crates/toml_datetime/0.6.6/download",
          "sha256": "4badfd56924ae69bcc9039335b2e017639ce3f9b001c393c1b2d1ef846ce2cbf"
        }
      },
      "targets": [
        {
          "Library": {
            "crate_name": "toml_datetime",
            "crate_root": "src/lib.rs",
            "srcs": {
              "allow_empty": false,
              "include": [
                "**/*.rs"
              ]
            }
          }
        }
      ],
      "library_target_name": "toml_datetime",
      "common_attrs": {
        "compile_data_glob": [
          "**"
        ],
        "crate_features": {
          "common": [
            "serde"
          ],
          "selects": {}
        },
        "deps": {
          "common": [
            {
              "id": "serde 1.0.202",
              "target": "serde"
            }
          ],
          "selects": {}
        },
        "edition": "2021",
        "version": "0.6.6"
      },
      "license": "MIT OR Apache-2.0",
      "license_ids": [
        "Apache-2.0",
        "MIT"
      ],
      "license_file": "LICENSE-APACHE"
    },
    "toml_edit 0.19.15": {
      "name": "toml_edit",
      "version": "0.19.15",
      "package_url": "https://github.com/toml-rs/toml",
      "repository": {
        "Http": {
          "url": "https://static.crates.io/crates/toml_edit/0.19.15/download",
          "sha256": "1b5bb770da30e5cbfde35a2d7b9b8a2c4b8ef89548a7a6aeab5c9a576e3e7421"
        }
      },
      "targets": [
        {
          "Library": {
            "crate_name": "toml_edit",
            "crate_root": "src/lib.rs",
            "srcs": {
              "allow_empty": false,
              "include": [
                "**/*.rs"
              ]
            }
          }
        }
      ],
      "library_target_name": "toml_edit",
      "common_attrs": {
        "compile_data_glob": [
          "**"
        ],
        "crate_features": {
          "common": [
            "default",
            "serde"
          ],
          "selects": {}
        },
        "deps": {
          "common": [
            {
              "id": "indexmap 2.2.6",
              "target": "indexmap"
            },
            {
              "id": "serde 1.0.202",
              "target": "serde"
            },
            {
              "id": "serde_spanned 0.6.6",
              "target": "serde_spanned"
            },
            {
              "id": "toml_datetime 0.6.6",
              "target": "toml_datetime"
            },
            {
              "id": "winnow 0.5.40",
              "target": "winnow"
            }
          ],
          "selects": {}
        },
        "edition": "2021",
        "version": "0.19.15"
      },
      "license": "MIT OR Apache-2.0",
      "license_ids": [
        "Apache-2.0",
        "MIT"
      ],
      "license_file": "LICENSE-APACHE"
    },
    "unicode-ident 1.0.12": {
      "name": "unicode-ident",
      "version": "1.0.12",
      "package_url": "https://github.com/dtolnay/unicode-ident",
      "repository": {
        "Http": {
          "url": "https://static.crates.io/crates/unicode-ident/1.0.12/download",
          "sha256": "3354b9ac3fae1ff6755cb6db53683adb661634f67557942dea4facebec0fee4b"
        }
      },
      "targets": [
        {
          "Library": {
            "crate_name": "unicode_ident",
            "crate_root": "src/lib.rs",
            "srcs": {
              "allow_empty": false,
              "include": [
                "**/*.rs"
              ]
            }
          }
        }
      ],
      "library_target_name": "unicode_ident",
      "common_attrs": {
        "compile_data_glob": [
          "**"
        ],
        "edition": "2018",
        "version": "1.0.12"
      },
      "license": "(MIT OR Apache-2.0) AND Unicode-DFS-2016",
      "license_ids": [
        "Apache-2.0",
        "MIT",
        "Unicode-DFS-2016"
      ],
      "license_file": "LICENSE-APACHE"
    },
    "winnow 0.5.40": {
      "name": "winnow",
      "version": "0.5.40",
      "package_url": "https://github.com/winnow-rs/winnow",
      "repository": {
        "Http": {
          "url": "https://static.crates.io/crates/winnow/0.5.40/download",
          "sha256": "f593a95398737aeed53e489c785df13f3618e41dbcd6718c6addbf1395aa6876"
        }
      },
      "targets": [
        {
          "Library": {
            "crate_name": "winnow",
            "crate_root": "src/lib.rs",
            "srcs": {
              "allow_empty": false,
              "include": [
                "**/*.rs"
              ]
            }
          }
        }
      ],
      "library_target_name": "winnow",
      "common_attrs": {
        "compile_data_glob": [
          "**"
        ],
        "crate_features": {
          "common": [
            "alloc",
            "default",
            "std"
          ],
          "selects": {}
        },
        "edition": "2021",
        "version": "0.5.40"
      },
      "license": "MIT",
      "license_ids": [
        "MIT"
      ],
      "license_file": "LICENSE-MIT"
    }
  },
  "binary_crates": [],
  "workspace_members": {
    "direct-cargo-bazel-deps 0.0.1": ""
  },
  "conditions": {
    "aarch64-apple-darwin": [
      "aarch64-apple-darwin"
    ],
    "aarch64-apple-ios": [
      "aarch64-apple-ios"
    ],
    "aarch64-apple-ios-sim": [
      "aarch64-apple-ios-sim"
    ],
    "aarch64-fuchsia": [
      "aarch64-fuchsia"
    ],
    "aarch64-linux-android": [
      "aarch64-linux-android"
    ],
    "aarch64-pc-windows-msvc": [
      "aarch64-pc-windows-msvc"
    ],
    "aarch64-unknown-linux-gnu": [
      "aarch64-unknown-linux-gnu"
    ],
    "aarch64-unknown-nixos-gnu": [
      "aarch64-unknown-nixos-gnu"
    ],
    "aarch64-unknown-nto-qnx710": [
      "aarch64-unknown-nto-qnx710"
    ],
    "arm-unknown-linux-gnueabi": [
      "arm-unknown-linux-gnueabi"
    ],
    "armv7-linux-androideabi": [
      "armv7-linux-androideabi"
    ],
    "armv7-unknown-linux-gnueabi": [
      "armv7-unknown-linux-gnueabi"
    ],
    "cfg(any())": [],
    "i686-apple-darwin": [
      "i686-apple-darwin"
    ],
    "i686-linux-android": [
      "i686-linux-android"
    ],
    "i686-pc-windows-msvc": [
      "i686-pc-windows-msvc"
    ],
    "i686-unknown-freebsd": [
      "i686-unknown-freebsd"
    ],
    "i686-unknown-linux-gnu": [
      "i686-unknown-linux-gnu"
    ],
    "powerpc-unknown-linux-gnu": [
      "powerpc-unknown-linux-gnu"
    ],
    "riscv32imc-unknown-none-elf": [
      "riscv32imc-unknown-none-elf"
    ],
    "riscv64gc-unknown-none-elf": [
      "riscv64gc-unknown-none-elf"
    ],
    "s390x-unknown-linux-gnu": [
      "s390x-unknown-linux-gnu"
    ],
    "thumbv7em-none-eabi": [
      "thumbv7em-none-eabi"
    ],
    "thumbv8m.main-none-eabi": [
      "thumbv8m.main-none-eabi"
    ],
    "wasm32-unknown-unknown": [
      "wasm32-unknown-unknown"
    ],
    "wasm32-wasi": [
      "wasm32-wasi"
    ],
    "x86_64-apple-darwin": [
      "x86_64-apple-darwin"
    ],
    "x86_64-apple-ios": [
      "x86_64-apple-ios"
    ],
    "x86_64-fuchsia": [
      "x86_64-fuchsia"
    ],
    "x86_64-linux-android": [
      "x86_64-linux-android"
    ],
    "x86_64-pc-windows-msvc": [
      "x86_64-pc-windows-msvc"
    ],
    "x86_64-unknown-freebsd": [
      "x86_64-unknown-freebsd"
    ],
    "x86_64-unknown-linux-gnu": [
      "x86_64-unknown-linux-gnu"
    ],
    "x86_64-unknown-nixos-gnu": [
      "x86_64-unknown-nixos-gnu"
    ],
    "x86_64-unknown-none": [
      "x86_64-unknown-none"
    ]
  },
  "direct_deps": [
    "clap 4.5.4",
    "toml 0.7.8"
  ],
  "direct_dev_deps": []
}
