{
  "checksum": "41577d3c6f8950661e94dc3ef3121b29c6db38af2face288d4d946dcf6971d61",
  "crates": {
    "anstyle 1.0.4": {
      "name": "anstyle",
      "version": "1.0.4",
      "repository": {
        "Http": {
          "url": "https://crates.io/api/v1/crates/anstyle/1.0.4/download",
          "sha256": "7079075b41f533b8c61d2a4d073c4676e1f8b249ff94a393b0595db304e0dd87"
        }
      },
      "targets": [
        {
          "Library": {
            "crate_name": "anstyle",
            "crate_root": "src/lib.rs",
            "srcs": [
              "**/*.rs"
            ]
          }
        }
      ],
      "library_target_name": "anstyle",
      "common_attrs": {
        "compile_data_glob": [
          "**"
        ],
        "crate_features": {
          "common": [
            "default",
            "std"
          ],
          "selects": {}
        },
        "edition": "2021",
        "version": "1.0.4"
      },
      "license": "MIT OR Apache-2.0"
    },
    "clap 4.4.11": {
      "name": "clap",
      "version": "4.4.11",
      "repository": {
        "Http": {
          "url": "https://crates.io/api/v1/crates/clap/4.4.11/download",
          "sha256": "bfaff671f6b22ca62406885ece523383b9b64022e341e53e009a62ebc47a45f2"
        }
      },
      "targets": [
        {
          "Library": {
            "crate_name": "clap",
            "crate_root": "src/lib.rs",
            "srcs": [
              "**/*.rs"
            ]
          }
        }
      ],
      "library_target_name": "clap",
      "common_attrs": {
        "compile_data_glob": [
          "**"
        ],
        "crate_features": {
          "common": [
            "derive",
            "std"
          ],
          "selects": {}
        },
        "deps": {
          "common": [
            {
              "id": "clap_builder 4.4.11",
              "target": "clap_builder"
            }
          ],
          "selects": {}
        },
        "edition": "2021",
        "proc_macro_deps": {
          "common": [
            {
              "id": "clap_derive 4.4.7",
              "target": "clap_derive"
            }
          ],
          "selects": {}
        },
        "version": "4.4.11"
      },
      "license": "MIT OR Apache-2.0"
    },
    "clap_builder 4.4.11": {
      "name": "clap_builder",
      "version": "4.4.11",
      "repository": {
        "Http": {
          "url": "https://crates.io/api/v1/crates/clap_builder/4.4.11/download",
          "sha256": "a216b506622bb1d316cd51328dce24e07bdff4a6128a47c7e7fad11878d5adbb"
        }
      },
      "targets": [
        {
          "Library": {
            "crate_name": "clap_builder",
            "crate_root": "src/lib.rs",
            "srcs": [
              "**/*.rs"
            ]
          }
        }
      ],
      "library_target_name": "clap_builder",
      "common_attrs": {
        "compile_data_glob": [
          "**"
        ],
        "crate_features": {
          "common": [
            "std"
          ],
          "selects": {}
        },
        "deps": {
          "common": [
            {
              "id": "anstyle 1.0.4",
              "target": "anstyle"
            },
            {
              "id": "clap_lex 0.6.0",
              "target": "clap_lex"
            }
          ],
          "selects": {}
        },
        "edition": "2021",
        "version": "4.4.11"
      },
      "license": "MIT OR Apache-2.0"
    },
    "clap_derive 4.4.7": {
      "name": "clap_derive",
      "version": "4.4.7",
      "repository": {
        "Http": {
          "url": "https://crates.io/api/v1/crates/clap_derive/4.4.7/download",
          "sha256": "cf9804afaaf59a91e75b022a30fb7229a7901f60c755489cc61c9b423b836442"
        }
      },
      "targets": [
        {
          "ProcMacro": {
            "crate_name": "clap_derive",
            "crate_root": "src/lib.rs",
            "srcs": [
              "**/*.rs"
            ]
          }
        }
      ],
      "library_target_name": "clap_derive",
      "common_attrs": {
        "compile_data_glob": [
          "**"
        ],
        "crate_features": {
          "common": [
            "default"
          ],
          "selects": {}
        },
        "deps": {
          "common": [
            {
              "id": "heck 0.4.1",
              "target": "heck"
            },
            {
              "id": "proc-macro2 1.0.70",
              "target": "proc_macro2"
            },
            {
              "id": "quote 1.0.33",
              "target": "quote"
            },
            {
              "id": "syn 2.0.41",
              "target": "syn"
            }
          ],
          "selects": {}
        },
        "edition": "2021",
        "version": "4.4.7"
      },
      "license": "MIT OR Apache-2.0"
    },
    "clap_lex 0.6.0": {
      "name": "clap_lex",
      "version": "0.6.0",
      "repository": {
        "Http": {
          "url": "https://crates.io/api/v1/crates/clap_lex/0.6.0/download",
          "sha256": "702fc72eb24e5a1e48ce58027a675bc24edd52096d5397d4aea7c6dd9eca0bd1"
        }
      },
      "targets": [
        {
          "Library": {
            "crate_name": "clap_lex",
            "crate_root": "src/lib.rs",
            "srcs": [
              "**/*.rs"
            ]
          }
        }
      ],
      "library_target_name": "clap_lex",
      "common_attrs": {
        "compile_data_glob": [
          "**"
        ],
        "edition": "2021",
        "version": "0.6.0"
      },
      "license": "MIT OR Apache-2.0"
    },
    "direct-cargo-bazel-deps 0.0.1": {
      "name": "direct-cargo-bazel-deps",
      "version": "0.0.1",
      "repository": null,
      "targets": [
        {
          "Library": {
            "crate_name": "direct_cargo_bazel_deps",
            "crate_root": ".direct_cargo_bazel_deps.rs",
            "srcs": [
              "**/*.rs"
            ]
          }
        }
      ],
      "library_target_name": "direct_cargo_bazel_deps",
      "common_attrs": {
        "compile_data_glob": [
          "**"
        ],
        "deps": {
          "common": [
            {
              "id": "clap 4.4.11",
              "target": "clap"
            },
            {
              "id": "toml 0.7.8",
              "target": "toml"
            }
          ],
          "selects": {}
        },
        "edition": "2018",
        "version": "0.0.1"
      },
      "license": null
    },
    "equivalent 1.0.1": {
      "name": "equivalent",
      "version": "1.0.1",
      "repository": {
        "Http": {
          "url": "https://crates.io/api/v1/crates/equivalent/1.0.1/download",
          "sha256": "5443807d6dff69373d433ab9ef5378ad8df50ca6298caf15de6e52e24aaf54d5"
        }
      },
      "targets": [
        {
          "Library": {
            "crate_name": "equivalent",
            "crate_root": "src/lib.rs",
            "srcs": [
              "**/*.rs"
            ]
          }
        }
      ],
      "library_target_name": "equivalent",
      "common_attrs": {
        "compile_data_glob": [
          "**"
        ],
        "edition": "2015",
        "version": "1.0.1"
      },
      "license": "Apache-2.0 OR MIT"
    },
    "hashbrown 0.14.3": {
      "name": "hashbrown",
      "version": "0.14.3",
      "repository": {
        "Http": {
          "url": "https://crates.io/api/v1/crates/hashbrown/0.14.3/download",
          "sha256": "290f1a1d9242c78d09ce40a5e87e7554ee637af1351968159f4952f028f75604"
        }
      },
      "targets": [
        {
          "Library": {
            "crate_name": "hashbrown",
            "crate_root": "src/lib.rs",
            "srcs": [
              "**/*.rs"
            ]
          }
        }
      ],
      "library_target_name": "hashbrown",
      "common_attrs": {
        "compile_data_glob": [
          "**"
        ],
        "crate_features": {
          "common": [
            "raw"
          ],
          "selects": {}
        },
        "edition": "2021",
        "version": "0.14.3"
      },
      "license": "MIT OR Apache-2.0"
    },
    "heck 0.4.1": {
      "name": "heck",
      "version": "0.4.1",
      "repository": {
        "Http": {
          "url": "https://crates.io/api/v1/crates/heck/0.4.1/download",
          "sha256": "95505c38b4572b2d910cecb0281560f54b440a19336cbbcb27bf6ce6adc6f5a8"
        }
      },
      "targets": [
        {
          "Library": {
            "crate_name": "heck",
            "crate_root": "src/lib.rs",
            "srcs": [
              "**/*.rs"
            ]
          }
        }
      ],
      "library_target_name": "heck",
      "common_attrs": {
        "compile_data_glob": [
          "**"
        ],
        "crate_features": {
          "common": [
            "default"
          ],
          "selects": {}
        },
        "edition": "2018",
        "version": "0.4.1"
      },
      "license": "MIT OR Apache-2.0"
    },
    "indexmap 2.1.0": {
      "name": "indexmap",
      "version": "2.1.0",
      "repository": {
        "Http": {
          "url": "https://crates.io/api/v1/crates/indexmap/2.1.0/download",
          "sha256": "d530e1a18b1cb4c484e6e34556a0d948706958449fca0cab753d649f2bce3d1f"
        }
      },
      "targets": [
        {
          "Library": {
            "crate_name": "indexmap",
            "crate_root": "src/lib.rs",
            "srcs": [
              "**/*.rs"
            ]
          }
        }
      ],
      "library_target_name": "indexmap",
      "common_attrs": {
        "compile_data_glob": [
          "**"
        ],
        "crate_features": {
          "common": [
            "default",
            "std"
          ],
          "selects": {}
        },
        "deps": {
          "common": [
            {
              "id": "equivalent 1.0.1",
              "target": "equivalent"
            },
            {
              "id": "hashbrown 0.14.3",
              "target": "hashbrown"
            }
          ],
          "selects": {}
        },
        "edition": "2021",
        "version": "2.1.0"
      },
      "license": "Apache-2.0 OR MIT"
    },
    "memchr 2.6.4": {
      "name": "memchr",
      "version": "2.6.4",
      "repository": {
        "Http": {
          "url": "https://crates.io/api/v1/crates/memchr/2.6.4/download",
          "sha256": "f665ee40bc4a3c5590afb1e9677db74a508659dfd71e126420da8274909a0167"
        }
      },
      "targets": [
        {
          "Library": {
            "crate_name": "memchr",
            "crate_root": "src/lib.rs",
            "srcs": [
              "**/*.rs"
            ]
          }
        }
      ],
      "library_target_name": "memchr",
      "common_attrs": {
        "compile_data_glob": [
          "**"
        ],
        "edition": "2021",
        "version": "2.6.4"
      },
      "license": "Unlicense OR MIT"
    },
    "proc-macro2 1.0.70": {
      "name": "proc-macro2",
      "version": "1.0.70",
      "repository": {
        "Http": {
          "url": "https://crates.io/api/v1/crates/proc-macro2/1.0.70/download",
          "sha256": "39278fbbf5fb4f646ce651690877f89d1c5811a3d4acb27700c1cb3cdb78fd3b"
        }
      },
      "targets": [
        {
          "Library": {
            "crate_name": "proc_macro2",
            "crate_root": "src/lib.rs",
            "srcs": [
              "**/*.rs"
            ]
          }
        },
        {
          "BuildScript": {
            "crate_name": "build_script_build",
            "crate_root": "build.rs",
            "srcs": [
              "**/*.rs"
            ]
          }
        }
      ],
      "library_target_name": "proc_macro2",
      "common_attrs": {
        "compile_data_glob": [
          "**"
        ],
        "crate_features": {
          "common": [
            "default",
            "proc-macro"
          ],
          "selects": {}
        },
        "deps": {
          "common": [
            {
              "id": "proc-macro2 1.0.70",
              "target": "build_script_build"
            },
            {
              "id": "unicode-ident 1.0.12",
              "target": "unicode_ident"
            }
          ],
          "selects": {}
        },
        "edition": "2021",
        "version": "1.0.70"
      },
      "build_script_attrs": {
        "data_glob": [
          "**"
        ]
      },
      "license": "MIT OR Apache-2.0"
    },
    "quote 1.0.33": {
      "name": "quote",
      "version": "1.0.33",
      "repository": {
        "Http": {
          "url": "https://crates.io/api/v1/crates/quote/1.0.33/download",
          "sha256": "5267fca4496028628a95160fc423a33e8b2e6af8a5302579e322e4b520293cae"
        }
      },
      "targets": [
        {
          "Library": {
            "crate_name": "quote",
            "crate_root": "src/lib.rs",
            "srcs": [
              "**/*.rs"
            ]
          }
        }
      ],
      "library_target_name": "quote",
      "common_attrs": {
        "compile_data_glob": [
          "**"
        ],
        "crate_features": {
          "common": [
            "default",
            "proc-macro"
          ],
          "selects": {}
        },
        "deps": {
          "common": [
            {
              "id": "proc-macro2 1.0.70",
              "target": "proc_macro2"
            }
          ],
          "selects": {}
        },
        "edition": "2018",
        "version": "1.0.33"
      },
      "license": "MIT OR Apache-2.0"
    },
    "serde 1.0.193": {
      "name": "serde",
      "version": "1.0.193",
      "repository": {
        "Http": {
          "url": "https://crates.io/api/v1/crates/serde/1.0.193/download",
          "sha256": "25dd9975e68d0cb5aa1120c288333fc98731bd1dd12f561e468ea4728c042b89"
        }
      },
      "targets": [
        {
          "Library": {
            "crate_name": "serde",
            "crate_root": "src/lib.rs",
            "srcs": [
              "**/*.rs"
            ]
          }
        },
        {
          "BuildScript": {
            "crate_name": "build_script_build",
            "crate_root": "build.rs",
            "srcs": [
              "**/*.rs"
            ]
          }
        }
      ],
      "library_target_name": "serde",
      "common_attrs": {
        "compile_data_glob": [
          "**"
        ],
        "crate_features": {
          "common": [
            "default",
            "std"
          ],
          "selects": {}
        },
        "deps": {
          "common": [
            {
              "id": "serde 1.0.193",
              "target": "build_script_build"
            }
          ],
          "selects": {}
        },
        "edition": "2018",
        "proc_macro_deps": {
          "common": [],
          "selects": {
            "cfg(any())": [
              {
                "id": "serde_derive 1.0.193",
                "target": "serde_derive"
              }
            ]
          }
        },
        "version": "1.0.193"
      },
      "build_script_attrs": {
        "data_glob": [
          "**"
        ]
      },
      "license": "MIT OR Apache-2.0"
    },
    "serde_derive 1.0.193": {
      "name": "serde_derive",
      "version": "1.0.193",
      "repository": {
        "Http": {
          "url": "https://crates.io/api/v1/crates/serde_derive/1.0.193/download",
          "sha256": "43576ca501357b9b071ac53cdc7da8ef0cbd9493d8df094cd821777ea6e894d3"
        }
      },
      "targets": [
        {
          "ProcMacro": {
            "crate_name": "serde_derive",
            "crate_root": "src/lib.rs",
            "srcs": [
              "**/*.rs"
            ]
          }
        }
      ],
      "library_target_name": "serde_derive",
      "common_attrs": {
        "compile_data_glob": [
          "**"
        ],
        "deps": {
          "common": [
            {
              "id": "proc-macro2 1.0.70",
              "target": "proc_macro2"
            },
            {
              "id": "quote 1.0.33",
              "target": "quote"
            },
            {
              "id": "syn 2.0.41",
              "target": "syn"
            }
          ],
          "selects": {}
        },
        "edition": "2015",
        "version": "1.0.193"
      },
      "license": "MIT OR Apache-2.0"
    },
    "serde_spanned 0.6.4": {
      "name": "serde_spanned",
      "version": "0.6.4",
      "repository": {
        "Http": {
          "url": "https://crates.io/api/v1/crates/serde_spanned/0.6.4/download",
          "sha256": "12022b835073e5b11e90a14f86838ceb1c8fb0325b72416845c487ac0fa95e80"
        }
      },
      "targets": [
        {
          "Library": {
            "crate_name": "serde_spanned",
            "crate_root": "src/lib.rs",
            "srcs": [
              "**/*.rs"
            ]
          }
        }
      ],
      "library_target_name": "serde_spanned",
      "common_attrs": {
        "compile_data_glob": [
          "**"
        ],
        "crate_features": {
          "common": [
            "serde"
          ],
          "selects": {}
        },
        "deps": {
          "common": [
            {
              "id": "serde 1.0.193",
              "target": "serde"
            }
          ],
          "selects": {}
        },
        "edition": "2021",
        "version": "0.6.4"
      },
      "license": "MIT OR Apache-2.0"
    },
    "syn 2.0.41": {
      "name": "syn",
      "version": "2.0.41",
      "repository": {
        "Http": {
          "url": "https://crates.io/api/v1/crates/syn/2.0.41/download",
          "sha256": "44c8b28c477cc3bf0e7966561e3460130e1255f7a1cf71931075f1c5e7a7e269"
        }
      },
      "targets": [
        {
          "Library": {
            "crate_name": "syn",
            "crate_root": "src/lib.rs",
            "srcs": [
              "**/*.rs"
            ]
          }
        }
      ],
      "library_target_name": "syn",
      "common_attrs": {
        "compile_data_glob": [
          "**"
        ],
        "crate_features": {
          "common": [
            "clone-impls",
            "default",
            "derive",
            "full",
            "parsing",
            "printing",
            "proc-macro",
            "quote"
          ],
          "selects": {}
        },
        "deps": {
          "common": [
            {
              "id": "proc-macro2 1.0.70",
              "target": "proc_macro2"
            },
            {
              "id": "quote 1.0.33",
              "target": "quote"
            },
            {
              "id": "unicode-ident 1.0.12",
              "target": "unicode_ident"
            }
          ],
          "selects": {}
        },
        "edition": "2021",
        "version": "2.0.41"
      },
      "license": "MIT OR Apache-2.0"
    },
    "toml 0.7.8": {
      "name": "toml",
      "version": "0.7.8",
      "repository": {
        "Http": {
          "url": "https://crates.io/api/v1/crates/toml/0.7.8/download",
          "sha256": "dd79e69d3b627db300ff956027cc6c3798cef26d22526befdfcd12feeb6d2257"
        }
      },
      "targets": [
        {
          "Library": {
            "crate_name": "toml",
            "crate_root": "src/lib.rs",
            "srcs": [
              "**/*.rs"
            ]
          }
        }
      ],
      "library_target_name": "toml",
      "common_attrs": {
        "compile_data_glob": [
          "**"
        ],
        "crate_features": {
          "common": [
            "default",
            "display",
            "parse"
          ],
          "selects": {}
        },
        "deps": {
          "common": [
            {
              "id": "serde 1.0.193",
              "target": "serde"
            },
            {
              "id": "serde_spanned 0.6.4",
              "target": "serde_spanned"
            },
            {
              "id": "toml_datetime 0.6.5",
              "target": "toml_datetime"
            },
            {
              "id": "toml_edit 0.19.15",
              "target": "toml_edit"
            }
          ],
          "selects": {}
        },
        "edition": "2021",
        "version": "0.7.8"
      },
      "license": "MIT OR Apache-2.0"
    },
    "toml_datetime 0.6.5": {
      "name": "toml_datetime",
      "version": "0.6.5",
      "repository": {
        "Http": {
          "url": "https://crates.io/api/v1/crates/toml_datetime/0.6.5/download",
          "sha256": "3550f4e9685620ac18a50ed434eb3aec30db8ba93b0287467bca5826ea25baf1"
        }
      },
      "targets": [
        {
          "Library": {
            "crate_name": "toml_datetime",
            "crate_root": "src/lib.rs",
            "srcs": [
              "**/*.rs"
            ]
          }
        }
      ],
      "library_target_name": "toml_datetime",
      "common_attrs": {
        "compile_data_glob": [
          "**"
        ],
        "crate_features": {
          "common": [
            "serde"
          ],
          "selects": {}
        },
        "deps": {
          "common": [
            {
              "id": "serde 1.0.193",
              "target": "serde"
            }
          ],
          "selects": {}
        },
        "edition": "2021",
        "version": "0.6.5"
      },
      "license": "MIT OR Apache-2.0"
    },
    "toml_edit 0.19.15": {
      "name": "toml_edit",
      "version": "0.19.15",
      "repository": {
        "Http": {
          "url": "https://crates.io/api/v1/crates/toml_edit/0.19.15/download",
          "sha256": "1b5bb770da30e5cbfde35a2d7b9b8a2c4b8ef89548a7a6aeab5c9a576e3e7421"
        }
      },
      "targets": [
        {
          "Library": {
            "crate_name": "toml_edit",
            "crate_root": "src/lib.rs",
            "srcs": [
              "**/*.rs"
            ]
          }
        }
      ],
      "library_target_name": "toml_edit",
      "common_attrs": {
        "compile_data_glob": [
          "**"
        ],
        "crate_features": {
          "common": [
            "default",
            "serde"
          ],
          "selects": {}
        },
        "deps": {
          "common": [
            {
              "id": "indexmap 2.1.0",
              "target": "indexmap"
            },
            {
              "id": "serde 1.0.193",
              "target": "serde"
            },
            {
              "id": "serde_spanned 0.6.4",
              "target": "serde_spanned"
            },
            {
              "id": "toml_datetime 0.6.5",
              "target": "toml_datetime"
            },
            {
              "id": "winnow 0.5.28",
              "target": "winnow"
            }
          ],
          "selects": {}
        },
        "edition": "2021",
        "version": "0.19.15"
      },
      "license": "MIT OR Apache-2.0"
    },
    "unicode-ident 1.0.12": {
      "name": "unicode-ident",
      "version": "1.0.12",
      "repository": {
        "Http": {
          "url": "https://crates.io/api/v1/crates/unicode-ident/1.0.12/download",
          "sha256": "3354b9ac3fae1ff6755cb6db53683adb661634f67557942dea4facebec0fee4b"
        }
      },
      "targets": [
        {
          "Library": {
            "crate_name": "unicode_ident",
            "crate_root": "src/lib.rs",
            "srcs": [
              "**/*.rs"
            ]
          }
        }
      ],
      "library_target_name": "unicode_ident",
      "common_attrs": {
        "compile_data_glob": [
          "**"
        ],
        "edition": "2018",
        "version": "1.0.12"
      },
      "license": "(MIT OR Apache-2.0) AND Unicode-DFS-2016"
    },
    "winnow 0.5.28": {
      "name": "winnow",
      "version": "0.5.28",
      "repository": {
        "Http": {
          "url": "https://crates.io/api/v1/crates/winnow/0.5.28/download",
          "sha256": "6c830786f7720c2fd27a1a0e27a709dbd3c4d009b56d098fc742d4f4eab91fe2"
        }
      },
      "targets": [
        {
          "Library": {
            "crate_name": "winnow",
            "crate_root": "src/lib.rs",
            "srcs": [
              "**/*.rs"
            ]
          }
        }
      ],
      "library_target_name": "winnow",
      "common_attrs": {
        "compile_data_glob": [
          "**"
        ],
        "crate_features": {
          "common": [
            "alloc",
            "default",
            "std"
          ],
          "selects": {}
        },
        "edition": "2021",
        "version": "0.5.28"
      },
      "license": "MIT"
    }
  },
  "binary_crates": [],
  "workspace_members": {
    "direct-cargo-bazel-deps 0.0.1": ""
  },
  "conditions": {
    "aarch64-apple-darwin": [
      "aarch64-apple-darwin"
    ],
    "aarch64-apple-ios": [
      "aarch64-apple-ios"
    ],
    "aarch64-apple-ios-sim": [
      "aarch64-apple-ios-sim"
    ],
    "aarch64-fuchsia": [
      "aarch64-fuchsia"
    ],
    "aarch64-linux-android": [
      "aarch64-linux-android"
    ],
    "aarch64-pc-windows-msvc": [
      "aarch64-pc-windows-msvc"
    ],
    "aarch64-unknown-linux-gnu": [
      "aarch64-unknown-linux-gnu"
    ],
    "arm-unknown-linux-gnueabi": [
      "arm-unknown-linux-gnueabi"
    ],
    "armv7-linux-androideabi": [
      "armv7-linux-androideabi"
    ],
    "armv7-unknown-linux-gnueabi": [
      "armv7-unknown-linux-gnueabi"
    ],
    "cfg(any())": [],
    "i686-apple-darwin": [
      "i686-apple-darwin"
    ],
    "i686-linux-android": [
      "i686-linux-android"
    ],
    "i686-pc-windows-msvc": [
      "i686-pc-windows-msvc"
    ],
    "i686-unknown-freebsd": [
      "i686-unknown-freebsd"
    ],
    "i686-unknown-linux-gnu": [
      "i686-unknown-linux-gnu"
    ],
    "powerpc-unknown-linux-gnu": [
      "powerpc-unknown-linux-gnu"
    ],
    "riscv32imc-unknown-none-elf": [
      "riscv32imc-unknown-none-elf"
    ],
    "riscv64gc-unknown-none-elf": [
      "riscv64gc-unknown-none-elf"
    ],
    "s390x-unknown-linux-gnu": [
      "s390x-unknown-linux-gnu"
    ],
    "thumbv7em-none-eabi": [
      "thumbv7em-none-eabi"
    ],
    "thumbv8m.main-none-eabi": [
      "thumbv8m.main-none-eabi"
    ],
    "wasm32-unknown-unknown": [
      "wasm32-unknown-unknown"
    ],
    "wasm32-wasi": [
      "wasm32-wasi"
    ],
    "x86_64-apple-darwin": [
      "x86_64-apple-darwin"
    ],
    "x86_64-apple-ios": [
      "x86_64-apple-ios"
    ],
    "x86_64-fuchsia": [
      "x86_64-fuchsia"
    ],
    "x86_64-linux-android": [
      "x86_64-linux-android"
    ],
    "x86_64-pc-windows-msvc": [
      "x86_64-pc-windows-msvc"
    ],
    "x86_64-unknown-freebsd": [
      "x86_64-unknown-freebsd"
    ],
    "x86_64-unknown-linux-gnu": [
      "x86_64-unknown-linux-gnu"
    ],
    "x86_64-unknown-none": [
      "x86_64-unknown-none"
    ]
  }
}
